
Microsoft Visual Studio Solution File, Format Version 12.00
# Visual Studio Version 17
VisualStudioVersion = 17.11.35312.102
MinimumVisualStudioVersion = 10.0.40219.1
Project("{FAE04EC0-301F-11D3-BF4B-00C04F79EFBC}") = "Loan", "Loan.csproj", "{A64AB94B-D101-49F2-8375-40719EEBC15D}"
EndProject
Project("{FAE04EC0-301F-11D3-BF4B-00C04F79EFBC}") = "LoanEntity", "..\LoanEntity\LoanEntity.csproj", "{8EF42B05-0389-44E1-92C5-61E83326BD4D}"
EndProject
Project("{FAE04EC0-301F-11D3-BF4B-00C04F79EFBC}") = "Loanutil", "..\Loanutil\Loanutil.csproj", "{83AA9F70-28EA-4FA8-85C6-C00F34D3F7CD}"
EndProject
Project("{FAE04EC0-301F-11D3-BF4B-00C04F79EFBC}") = "LoanException", "..\LoanException\LoanException.csproj", "{2277058D-3014-4FAC-B55A-BDEFC046C40E}"
EndProject
Project("{FAE04EC0-301F-11D3-BF4B-00C04F79EFBC}") = "LoanDao", "..\LoanDao\LoanDao.csproj", "{D873AE14-3208-470B-893A-43EC68021CE3}"
EndProject
Global
	GlobalSection(SolutionConfigurationPlatforms) = preSolution
		Debug|Any CPU = Debug|Any CPU
		Release|Any CPU = Release|Any CPU
	EndGlobalSection
	GlobalSection(ProjectConfigurationPlatforms) = postSolution
		{A64AB94B-D101-49F2-8375-40719EEBC15D}.Debug|Any CPU.ActiveCfg = Debug|Any CPU
		{A64AB94B-D101-49F2-8375-40719EEBC15D}.Debug|Any CPU.Build.0 = Debug|Any CPU
		{A64AB94B-D101-49F2-8375-40719EEBC15D}.Release|Any CPU.ActiveCfg = Release|Any CPU
		{A64AB94B-D101-49F2-8375-40719EEBC15D}.Release|Any CPU.Build.0 = Release|Any CPU
		{8EF42B05-0389-44E1-92C5-61E83326BD4D}.Debug|Any CPU.ActiveCfg = Debug|Any CPU
		{8EF42B05-0389-44E1-92C5-61E83326BD4D}.Debug|Any CPU.Build.0 = Debug|Any CPU
		{8EF42B05-0389-44E1-92C5-61E83326BD4D}.Release|Any CPU.ActiveCfg = Release|Any CPU
		{8EF42B05-0389-44E1-92C5-61E83326BD4D}.Release|Any CPU.Build.0 = Release|Any CPU
		{83AA9F70-28EA-4FA8-85C6-C00F34D3F7CD}.Debug|Any CPU.ActiveCfg = Debug|Any CPU
		{83AA9F70-28EA-4FA8-85C6-C00F34D3F7CD}.Debug|Any CPU.Build.0 = Debug|Any CPU
		{83AA9F70-28EA-4FA8-85C6-C00F34D3F7CD}.Release|Any CPU.ActiveCfg = Release|Any CPU
		{83AA9F70-28EA-4FA8-85C6-C00F34D3F7CD}.Release|Any CPU.Build.0 = Release|Any CPU
		{2277058D-3014-4FAC-B55A-BDEFC046C40E}.Debug|Any CPU.ActiveCfg = Debug|Any CPU
		{2277058D-3014-4FAC-B55A-BDEFC046C40E}.Debug|Any CPU.Build.0 = Debug|Any CPU
		{2277058D-3014-4FAC-B55A-BDEFC046C40E}.Release|Any CPU.ActiveCfg = Release|Any CPU
		{2277058D-3014-4FAC-B55A-BDEFC046C40E}.Release|Any CPU.Build.0 = Release|Any CPU
		{D873AE14-3208-470B-893A-43EC68021CE3}.Debug|Any CPU.ActiveCfg = Debug|Any CPU
		{D873AE14-3208-470B-893A-43EC68021CE3}.Debug|Any CPU.Build.0 = Debug|Any CPU
		{D873AE14-3208-470B-893A-43EC68021CE3}.Release|Any CPU.ActiveCfg = Release|Any CPU
		{D873AE14-3208-470B-893A-43EC68021CE3}.Release|Any CPU.Build.0 = Release|Any CPU
	EndGlobalSection
	GlobalSection(SolutionProperties) = preSolution
		HideSolutionNode = FALSE
	EndGlobalSection
	GlobalSection(ExtensibilityGlobals) = postSolution
		SolutionGuid = {A5A165B8-7234-4B0B-B775-6723E21EA1A6}
	EndGlobalSection
EndGlobal
